
Microsoft Visual Studio Solution File, Format Version 12.00
# Visual Studio Version 16
VisualStudioVersion = 16.0.30611.23
MinimumVisualStudioVersion = 10.0.40219.1
Project("{8BC9CEB8-8B4A-11D0-8D11-00A0C91BC942}") = "hcrov", "hcrov.vcxproj", "{A20CF3D1-EF07-430B-82DA-8B4D22995315}"
	ProjectSection(ProjectDependencies) = postProject
		{18959AA6-A1D9-45A0-8766-A3A6915FF390} = {18959AA6-A1D9-45A0-8766-A3A6915FF390}
	EndProjectSection
EndProject
Project("{8BC9CEB8-8B4A-11D0-8D11-00A0C91BC942}") = "xcodec", "..\xcodec\xcodec.vcxproj", "{18959AA6-A1D9-45A0-8766-A3A6915FF390}"
EndProject
Global
	GlobalSection(SolutionConfigurationPlatforms) = preSolution
		Debug|x64 = Debug|x64
		Debug|x86 = Debug|x86
		Release|x64 = Release|x64
		Release|x86 = Release|x86
	EndGlobalSection
	GlobalSection(ProjectConfigurationPlatforms) = postSolution
		{A20CF3D1-EF07-430B-82DA-8B4D22995315}.Debug|x64.ActiveCfg = Debug|Win32
		{A20CF3D1-EF07-430B-82DA-8B4D22995315}.Debug|x86.ActiveCfg = Debug|Win32
		{A20CF3D1-EF07-430B-82DA-8B4D22995315}.Debug|x86.Build.0 = Debug|Win32
		{A20CF3D1-EF07-430B-82DA-8B4D22995315}.Release|x64.ActiveCfg = Release|x64
		{A20CF3D1-EF07-430B-82DA-8B4D22995315}.Release|x64.Build.0 = Release|x64
		{A20CF3D1-EF07-430B-82DA-8B4D22995315}.Release|x86.ActiveCfg = Release|x64
		{18959AA6-A1D9-45A0-8766-A3A6915FF390}.Debug|x64.ActiveCfg = Debug|x64
		{18959AA6-A1D9-45A0-8766-A3A6915FF390}.Debug|x64.Build.0 = Debug|x64
		{18959AA6-A1D9-45A0-8766-A3A6915FF390}.Debug|x86.ActiveCfg = Debug|Win32
		{18959AA6-A1D9-45A0-8766-A3A6915FF390}.Debug|x86.Build.0 = Debug|Win32
		{18959AA6-A1D9-45A0-8766-A3A6915FF390}.Release|x64.ActiveCfg = Release|x64
		{18959AA6-A1D9-45A0-8766-A3A6915FF390}.Release|x64.Build.0 = Release|x64
		{18959AA6-A1D9-45A0-8766-A3A6915FF390}.Release|x86.ActiveCfg = Release|Win32
		{18959AA6-A1D9-45A0-8766-A3A6915FF390}.Release|x86.Build.0 = Release|Win32
	EndGlobalSection
	GlobalSection(SolutionProperties) = preSolution
		HideSolutionNode = FALSE
	EndGlobalSection
	GlobalSection(ExtensibilityGlobals) = postSolution
		SolutionGuid = {32F79F88-B37D-44B6-B18C-D734651458BF}
	EndGlobalSection
EndGlobal
